// !$*UTF8*$!
{
	archiveVersion = 1;
	classes = {
	};
	objectVersion = 55;
	objects = {

/* Begin PBXBuildFile section */
		413DE475286A204900CCF8E1 /* AppDelegate.m in Sources */ = {isa = PBXBuildFile; fileRef = 413DE474286A204900CCF8E1 /* AppDelegate.m */; };
		413DE478286A204900CCF8E1 /* SceneDelegate.m in Sources */ = {isa = PBXBuildFile; fileRef = 413DE477286A204900CCF8E1 /* SceneDelegate.m */; };
		413DE47E286A204900CCF8E1 /* Main.storyboard in Resources */ = {isa = PBXBuildFile; fileRef = 413DE47C286A204900CCF8E1 /* Main.storyboard */; };
		413DE480286A204900CCF8E1 /* Assets.xcassets in Resources */ = {isa = PBXBuildFile; fileRef = 413DE47F286A204900CCF8E1 /* Assets.xcassets */; };
		413DE483286A204900CCF8E1 /* LaunchScreen.storyboard in Resources */ = {isa = PBXBuildFile; fileRef = 413DE481286A204900CCF8E1 /* LaunchScreen.storyboard */; };
		413DE486286A204900CCF8E1 /* main.m in Sources */ = {isa = PBXBuildFile; fileRef = 413DE485286A204900CCF8E1 /* main.m */; };
		413DE490286A204A00CCF8E1 /* InstagramCloneTests.m in Sources */ = {isa = PBXBuildFile; fileRef = 413DE48F286A204A00CCF8E1 /* InstagramCloneTests.m */; };
		413DE49A286A204A00CCF8E1 /* InstagramCloneUITests.m in Sources */ = {isa = PBXBuildFile; fileRef = 413DE499286A204A00CCF8E1 /* InstagramCloneUITests.m */; };
		413DE49C286A204A00CCF8E1 /* InstagramCloneUITestsLaunchTests.m in Sources */ = {isa = PBXBuildFile; fileRef = 413DE49B286A204A00CCF8E1 /* InstagramCloneUITestsLaunchTests.m */; };
		413DE4AC286A265800CCF8E1 /* LoginViewController.m in Sources */ = {isa = PBXBuildFile; fileRef = 413DE4AB286A265800CCF8E1 /* LoginViewController.m */; };
		413DE4AF286A269F00CCF8E1 /* HomeViewController.m in Sources */ = {isa = PBXBuildFile; fileRef = 413DE4AE286A269F00CCF8E1 /* HomeViewController.m */; };
		413DE4B2286A26D000CCF8E1 /* LoginView.m in Sources */ = {isa = PBXBuildFile; fileRef = 413DE4B1286A26D000CCF8E1 /* LoginView.m */; };
		413DE4B7286A55E200CCF8E1 /* AuthenticationHandler.m in Sources */ = {isa = PBXBuildFile; fileRef = 413DE4B6286A55E200CCF8E1 /* AuthenticationHandler.m */; };
		413DE4B9286A658700CCF8E1 /* Keys.plist in Resources */ = {isa = PBXBuildFile; fileRef = 413DE4B8286A658700CCF8E1 /* Keys.plist */; };
		413DE4BC286A6CF700CCF8E1 /* LogoutHandler.m in Sources */ = {isa = PBXBuildFile; fileRef = 413DE4BB286A6CF700CCF8E1 /* LogoutHandler.m */; };
		413DE4BF286A768000CCF8E1 /* PostCell.m in Sources */ = {isa = PBXBuildFile; fileRef = 413DE4BE286A768000CCF8E1 /* PostCell.m */; };
		413DE4C2286A77DC00CCF8E1 /* ComposeViewController.m in Sources */ = {isa = PBXBuildFile; fileRef = 413DE4C1286A77DC00CCF8E1 /* ComposeViewController.m */; };
		413DE4C5286A7B3200CCF8E1 /* ComposeView.m in Sources */ = {isa = PBXBuildFile; fileRef = 413DE4C4286A7B3200CCF8E1 /* ComposeView.m */; };
		413DE4C9286A982F00CCF8E1 /* Post.m in Sources */ = {isa = PBXBuildFile; fileRef = 413DE4C8286A982F00CCF8E1 /* Post.m */; };
		413DE4D4286B9AEB00CCF8E1 /* DetailsViewController.m in Sources */ = {isa = PBXBuildFile; fileRef = 413DE4D3286B9AEB00CCF8E1 /* DetailsViewController.m */; };
		413DE4D6286BA9EF00CCF8E1 /* PostCell.xib in Resources */ = {isa = PBXBuildFile; fileRef = 413DE4D5286BA9EF00CCF8E1 /* PostCell.xib */; };
		413DE4DA286C90E000CCF8E1 /* PostCellDecorator.m in Sources */ = {isa = PBXBuildFile; fileRef = 413DE4D9286C90E000CCF8E1 /* PostCellDecorator.m */; };
		43382D73B79D0DE80E660EB5 /* libPods-InstagramClone.a in Frameworks */ = {isa = PBXBuildFile; fileRef = 5A9E1F467D50BE9017540C8F /* libPods-InstagramClone.a */; };
		A8276D6A76135F6FF4DF0A35 /* libPods-InstagramClone-InstagramCloneUITests.a in Frameworks */ = {isa = PBXBuildFile; fileRef = 1EE90C1AC95AE43B6E0DD28E /* libPods-InstagramClone-InstagramCloneUITests.a */; };
		B22AE57948E1D450B11E1696 /* libPods-InstagramCloneTests.a in Frameworks */ = {isa = PBXBuildFile; fileRef = B3219C15214247C969E7551B /* libPods-InstagramCloneTests.a */; };
/* End PBXBuildFile section */

/* Begin PBXContainerItemProxy section */
		413DE48C286A204A00CCF8E1 /* PBXContainerItemProxy */ = {
			isa = PBXContainerItemProxy;
			containerPortal = 413DE468286A204900CCF8E1 /* Project object */;
			proxyType = 1;
			remoteGlobalIDString = 413DE46F286A204900CCF8E1;
			remoteInfo = InstagramClone;
		};
		413DE496286A204A00CCF8E1 /* PBXContainerItemProxy */ = {
			isa = PBXContainerItemProxy;
			containerPortal = 413DE468286A204900CCF8E1 /* Project object */;
			proxyType = 1;
			remoteGlobalIDString = 413DE46F286A204900CCF8E1;
			remoteInfo = InstagramClone;
		};
/* End PBXContainerItemProxy section */

/* Begin PBXFileReference section */
		1EE90C1AC95AE43B6E0DD28E /* libPods-InstagramClone-InstagramCloneUITests.a */ = {isa = PBXFileReference; explicitFileType = archive.ar; includeInIndex = 0; path = "libPods-InstagramClone-InstagramCloneUITests.a"; sourceTree = BUILT_PRODUCTS_DIR; };
		413DE470286A204900CCF8E1 /* InstagramClone.app */ = {isa = PBXFileReference; explicitFileType = wrapper.application; includeInIndex = 0; path = InstagramClone.app; sourceTree = BUILT_PRODUCTS_DIR; };
		413DE473286A204900CCF8E1 /* AppDelegate.h */ = {isa = PBXFileReference; lastKnownFileType = sourcecode.c.h; path = AppDelegate.h; sourceTree = "<group>"; };
		413DE474286A204900CCF8E1 /* AppDelegate.m */ = {isa = PBXFileReference; lastKnownFileType = sourcecode.c.objc; path = AppDelegate.m; sourceTree = "<group>"; };
		413DE476286A204900CCF8E1 /* SceneDelegate.h */ = {isa = PBXFileReference; lastKnownFileType = sourcecode.c.h; path = SceneDelegate.h; sourceTree = "<group>"; };
		413DE477286A204900CCF8E1 /* SceneDelegate.m */ = {isa = PBXFileReference; lastKnownFileType = sourcecode.c.objc; path = SceneDelegate.m; sourceTree = "<group>"; };
		413DE47D286A204900CCF8E1 /* Base */ = {isa = PBXFileReference; lastKnownFileType = file.storyboard; name = Base; path = Base.lproj/Main.storyboard; sourceTree = "<group>"; };
		413DE47F286A204900CCF8E1 /* Assets.xcassets */ = {isa = PBXFileReference; lastKnownFileType = folder.assetcatalog; path = Assets.xcassets; sourceTree = "<group>"; };
		413DE482286A204900CCF8E1 /* Base */ = {isa = PBXFileReference; lastKnownFileType = file.storyboard; name = Base; path = Base.lproj/LaunchScreen.storyboard; sourceTree = "<group>"; };
		413DE484286A204900CCF8E1 /* Info.plist */ = {isa = PBXFileReference; lastKnownFileType = text.plist.xml; path = Info.plist; sourceTree = "<group>"; };
		413DE485286A204900CCF8E1 /* main.m */ = {isa = PBXFileReference; lastKnownFileType = sourcecode.c.objc; path = main.m; sourceTree = "<group>"; };
		413DE48B286A204A00CCF8E1 /* InstagramCloneTests.xctest */ = {isa = PBXFileReference; explicitFileType = wrapper.cfbundle; includeInIndex = 0; path = InstagramCloneTests.xctest; sourceTree = BUILT_PRODUCTS_DIR; };
		413DE48F286A204A00CCF8E1 /* InstagramCloneTests.m */ = {isa = PBXFileReference; lastKnownFileType = sourcecode.c.objc; path = InstagramCloneTests.m; sourceTree = "<group>"; };
		413DE495286A204A00CCF8E1 /* InstagramCloneUITests.xctest */ = {isa = PBXFileReference; explicitFileType = wrapper.cfbundle; includeInIndex = 0; path = InstagramCloneUITests.xctest; sourceTree = BUILT_PRODUCTS_DIR; };
		413DE499286A204A00CCF8E1 /* InstagramCloneUITests.m */ = {isa = PBXFileReference; lastKnownFileType = sourcecode.c.objc; path = InstagramCloneUITests.m; sourceTree = "<group>"; };
		413DE49B286A204A00CCF8E1 /* InstagramCloneUITestsLaunchTests.m */ = {isa = PBXFileReference; lastKnownFileType = sourcecode.c.objc; path = InstagramCloneUITestsLaunchTests.m; sourceTree = "<group>"; };
		413DE4AA286A265800CCF8E1 /* LoginViewController.h */ = {isa = PBXFileReference; lastKnownFileType = sourcecode.c.h; path = LoginViewController.h; sourceTree = "<group>"; };
		413DE4AB286A265800CCF8E1 /* LoginViewController.m */ = {isa = PBXFileReference; lastKnownFileType = sourcecode.c.objc; path = LoginViewController.m; sourceTree = "<group>"; };
		413DE4AD286A269F00CCF8E1 /* HomeViewController.h */ = {isa = PBXFileReference; lastKnownFileType = sourcecode.c.h; path = HomeViewController.h; sourceTree = "<group>"; };
		413DE4AE286A269F00CCF8E1 /* HomeViewController.m */ = {isa = PBXFileReference; lastKnownFileType = sourcecode.c.objc; path = HomeViewController.m; sourceTree = "<group>"; };
		413DE4B0286A26D000CCF8E1 /* LoginView.h */ = {isa = PBXFileReference; lastKnownFileType = sourcecode.c.h; path = LoginView.h; sourceTree = "<group>"; };
		413DE4B1286A26D000CCF8E1 /* LoginView.m */ = {isa = PBXFileReference; lastKnownFileType = sourcecode.c.objc; path = LoginView.m; sourceTree = "<group>"; };
		413DE4B5286A55E200CCF8E1 /* AuthenticationHandler.h */ = {isa = PBXFileReference; lastKnownFileType = sourcecode.c.h; path = AuthenticationHandler.h; sourceTree = "<group>"; };
		413DE4B6286A55E200CCF8E1 /* AuthenticationHandler.m */ = {isa = PBXFileReference; lastKnownFileType = sourcecode.c.objc; path = AuthenticationHandler.m; sourceTree = "<group>"; };
		413DE4B8286A658700CCF8E1 /* Keys.plist */ = {isa = PBXFileReference; lastKnownFileType = text.plist.xml; path = Keys.plist; sourceTree = "<group>"; };
		413DE4BA286A6CF700CCF8E1 /* LogoutHandler.h */ = {isa = PBXFileReference; lastKnownFileType = sourcecode.c.h; path = LogoutHandler.h; sourceTree = "<group>"; };
		413DE4BB286A6CF700CCF8E1 /* LogoutHandler.m */ = {isa = PBXFileReference; lastKnownFileType = sourcecode.c.objc; path = LogoutHandler.m; sourceTree = "<group>"; };
		413DE4BD286A768000CCF8E1 /* PostCell.h */ = {isa = PBXFileReference; lastKnownFileType = sourcecode.c.h; path = PostCell.h; sourceTree = "<group>"; };
		413DE4BE286A768000CCF8E1 /* PostCell.m */ = {isa = PBXFileReference; lastKnownFileType = sourcecode.c.objc; path = PostCell.m; sourceTree = "<group>"; };
		413DE4C0286A77DC00CCF8E1 /* ComposeViewController.h */ = {isa = PBXFileReference; lastKnownFileType = sourcecode.c.h; path = ComposeViewController.h; sourceTree = "<group>"; };
		413DE4C1286A77DC00CCF8E1 /* ComposeViewController.m */ = {isa = PBXFileReference; lastKnownFileType = sourcecode.c.objc; path = ComposeViewController.m; sourceTree = "<group>"; };
		413DE4C3286A7B3200CCF8E1 /* ComposeView.h */ = {isa = PBXFileReference; lastKnownFileType = sourcecode.c.h; path = ComposeView.h; sourceTree = "<group>"; };
		413DE4C4286A7B3200CCF8E1 /* ComposeView.m */ = {isa = PBXFileReference; lastKnownFileType = sourcecode.c.objc; path = ComposeView.m; sourceTree = "<group>"; };
		413DE4C7286A982F00CCF8E1 /* Post.h */ = {isa = PBXFileReference; lastKnownFileType = sourcecode.c.h; path = Post.h; sourceTree = "<group>"; };
		413DE4C8286A982F00CCF8E1 /* Post.m */ = {isa = PBXFileReference; lastKnownFileType = sourcecode.c.objc; path = Post.m; sourceTree = "<group>"; };
		413DE4D2286B9AEB00CCF8E1 /* DetailsViewController.h */ = {isa = PBXFileReference; lastKnownFileType = sourcecode.c.h; path = DetailsViewController.h; sourceTree = "<group>"; };
		413DE4D3286B9AEB00CCF8E1 /* DetailsViewController.m */ = {isa = PBXFileReference; lastKnownFileType = sourcecode.c.objc; path = DetailsViewController.m; sourceTree = "<group>"; };
		413DE4D5286BA9EF00CCF8E1 /* PostCell.xib */ = {isa = PBXFileReference; lastKnownFileType = file.xib; path = PostCell.xib; sourceTree = "<group>"; };
		413DE4D8286C90E000CCF8E1 /* PostCellDecorator.h */ = {isa = PBXFileReference; lastKnownFileType = sourcecode.c.h; path = PostCellDecorator.h; sourceTree = "<group>"; };
		413DE4D9286C90E000CCF8E1 /* PostCellDecorator.m */ = {isa = PBXFileReference; lastKnownFileType = sourcecode.c.objc; path = PostCellDecorator.m; sourceTree = "<group>"; };
		5615EC1A17DD6856BDD632B1 /* Pods-InstagramClone.release.xcconfig */ = {isa = PBXFileReference; includeInIndex = 1; lastKnownFileType = text.xcconfig; name = "Pods-InstagramClone.release.xcconfig"; path = "Target Support Files/Pods-InstagramClone/Pods-InstagramClone.release.xcconfig"; sourceTree = "<group>"; };
		5A9E1F467D50BE9017540C8F /* libPods-InstagramClone.a */ = {isa = PBXFileReference; explicitFileType = archive.ar; includeInIndex = 0; path = "libPods-InstagramClone.a"; sourceTree = BUILT_PRODUCTS_DIR; };
		7BAF0152BC7CACBDF3C0D18A /* Pods-InstagramClone.debug.xcconfig */ = {isa = PBXFileReference; includeInIndex = 1; lastKnownFileType = text.xcconfig; name = "Pods-InstagramClone.debug.xcconfig"; path = "Target Support Files/Pods-InstagramClone/Pods-InstagramClone.debug.xcconfig"; sourceTree = "<group>"; };
		7D5EDA722D3A95C54775D2B2 /* Pods-InstagramCloneTests.debug.xcconfig */ = {isa = PBXFileReference; includeInIndex = 1; lastKnownFileType = text.xcconfig; name = "Pods-InstagramCloneTests.debug.xcconfig"; path = "Target Support Files/Pods-InstagramCloneTests/Pods-InstagramCloneTests.debug.xcconfig"; sourceTree = "<group>"; };
		932592FDF8C63F55A876DA08 /* Pods-InstagramCloneTests.release.xcconfig */ = {isa = PBXFileReference; includeInIndex = 1; lastKnownFileType = text.xcconfig; name = "Pods-InstagramCloneTests.release.xcconfig"; path = "Target Support Files/Pods-InstagramCloneTests/Pods-InstagramCloneTests.release.xcconfig"; sourceTree = "<group>"; };
		B3219C15214247C969E7551B /* libPods-InstagramCloneTests.a */ = {isa = PBXFileReference; explicitFileType = archive.ar; includeInIndex = 0; path = "libPods-InstagramCloneTests.a"; sourceTree = BUILT_PRODUCTS_DIR; };
		DA0512C1F6AD80C957F1C368 /* Pods-InstagramClone-InstagramCloneUITests.debug.xcconfig */ = {isa = PBXFileReference; includeInIndex = 1; lastKnownFileType = text.xcconfig; name = "Pods-InstagramClone-InstagramCloneUITests.debug.xcconfig"; path = "Target Support Files/Pods-InstagramClone-InstagramCloneUITests/Pods-InstagramClone-InstagramCloneUITests.debug.xcconfig"; sourceTree = "<group>"; };
		F92EDD1BEA10B4B2850C72E8 /* Pods-InstagramClone-InstagramCloneUITests.release.xcconfig */ = {isa = PBXFileReference; includeInIndex = 1; lastKnownFileType = text.xcconfig; name = "Pods-InstagramClone-InstagramCloneUITests.release.xcconfig"; path = "Target Support Files/Pods-InstagramClone-InstagramCloneUITests/Pods-InstagramClone-InstagramCloneUITests.release.xcconfig"; sourceTree = "<group>"; };
/* End PBXFileReference section */

/* Begin PBXFrameworksBuildPhase section */
		413DE46D286A204900CCF8E1 /* Frameworks */ = {
			isa = PBXFrameworksBuildPhase;
			buildActionMask = 2147483647;
			files = (
				43382D73B79D0DE80E660EB5 /* libPods-InstagramClone.a in Frameworks */,
			);
			runOnlyForDeploymentPostprocessing = 0;
		};
		413DE488286A204A00CCF8E1 /* Frameworks */ = {
			isa = PBXFrameworksBuildPhase;
			buildActionMask = 2147483647;
			files = (
				B22AE57948E1D450B11E1696 /* libPods-InstagramCloneTests.a in Frameworks */,
			);
			runOnlyForDeploymentPostprocessing = 0;
		};
		413DE492286A204A00CCF8E1 /* Frameworks */ = {
			isa = PBXFrameworksBuildPhase;
			buildActionMask = 2147483647;
			files = (
				A8276D6A76135F6FF4DF0A35 /* libPods-InstagramClone-InstagramCloneUITests.a in Frameworks */,
			);
			runOnlyForDeploymentPostprocessing = 0;
		};
/* End PBXFrameworksBuildPhase section */

/* Begin PBXGroup section */
		413DE467286A204900CCF8E1 = {
			isa = PBXGroup;
			children = (
				413DE472286A204900CCF8E1 /* InstagramClone */,
				413DE48E286A204A00CCF8E1 /* InstagramCloneTests */,
				413DE498286A204A00CCF8E1 /* InstagramCloneUITests */,
				413DE471286A204900CCF8E1 /* Products */,
				C860ED909F6504168899208C /* Pods */,
				535F1CFD78F47A34E3E43861 /* Frameworks */,
			);
			sourceTree = "<group>";
		};
		413DE471286A204900CCF8E1 /* Products */ = {
			isa = PBXGroup;
			children = (
				413DE470286A204900CCF8E1 /* InstagramClone.app */,
				413DE48B286A204A00CCF8E1 /* InstagramCloneTests.xctest */,
				413DE495286A204A00CCF8E1 /* InstagramCloneUITests.xctest */,
			);
			name = Products;
			sourceTree = "<group>";
		};
		413DE472286A204900CCF8E1 /* InstagramClone */ = {
			isa = PBXGroup;
			children = (
				413DE4D7286C90CF00CCF8E1 /* Decorators */,
				413DE4C6286A97DF00CCF8E1 /* Model */,
				413DE4B4286A55A400CCF8E1 /* Handler */,
				413DE4A9286A262D00CCF8E1 /* View Controllers */,
				413DE4A8286A262500CCF8E1 /* Views */,
				413DE473286A204900CCF8E1 /* AppDelegate.h */,
				413DE474286A204900CCF8E1 /* AppDelegate.m */,
				413DE476286A204900CCF8E1 /* SceneDelegate.h */,
				413DE477286A204900CCF8E1 /* SceneDelegate.m */,
				413DE47C286A204900CCF8E1 /* Main.storyboard */,
				413DE47F286A204900CCF8E1 /* Assets.xcassets */,
				413DE481286A204900CCF8E1 /* LaunchScreen.storyboard */,
				413DE484286A204900CCF8E1 /* Info.plist */,
				413DE485286A204900CCF8E1 /* main.m */,
				413DE4B8286A658700CCF8E1 /* Keys.plist */,
			);
			path = InstagramClone;
			sourceTree = "<group>";
		};
		413DE48E286A204A00CCF8E1 /* InstagramCloneTests */ = {
			isa = PBXGroup;
			children = (
				413DE48F286A204A00CCF8E1 /* InstagramCloneTests.m */,
			);
			path = InstagramCloneTests;
			sourceTree = "<group>";
		};
		413DE498286A204A00CCF8E1 /* InstagramCloneUITests */ = {
			isa = PBXGroup;
			children = (
				413DE499286A204A00CCF8E1 /* InstagramCloneUITests.m */,
				413DE49B286A204A00CCF8E1 /* InstagramCloneUITestsLaunchTests.m */,
			);
			path = InstagramCloneUITests;
			sourceTree = "<group>";
		};
		413DE4A8286A262500CCF8E1 /* Views */ = {
			isa = PBXGroup;
			children = (
				413DE4B0286A26D000CCF8E1 /* LoginView.h */,
				413DE4B1286A26D000CCF8E1 /* LoginView.m */,
				413DE4BD286A768000CCF8E1 /* PostCell.h */,
				413DE4BE286A768000CCF8E1 /* PostCell.m */,
				413DE4C3286A7B3200CCF8E1 /* ComposeView.h */,
				413DE4C4286A7B3200CCF8E1 /* ComposeView.m */,
				413DE4D5286BA9EF00CCF8E1 /* PostCell.xib */,
			);
			path = Views;
			sourceTree = "<group>";
		};
		413DE4A9286A262D00CCF8E1 /* View Controllers */ = {
			isa = PBXGroup;
			children = (
				413DE4AA286A265800CCF8E1 /* LoginViewController.h */,
				413DE4AB286A265800CCF8E1 /* LoginViewController.m */,
				413DE4AD286A269F00CCF8E1 /* HomeViewController.h */,
				413DE4AE286A269F00CCF8E1 /* HomeViewController.m */,
				413DE4C0286A77DC00CCF8E1 /* ComposeViewController.h */,
				413DE4C1286A77DC00CCF8E1 /* ComposeViewController.m */,
				413DE4D2286B9AEB00CCF8E1 /* DetailsViewController.h */,
				413DE4D3286B9AEB00CCF8E1 /* DetailsViewController.m */,
			);
			path = "View Controllers";
			sourceTree = "<group>";
		};
		413DE4B4286A55A400CCF8E1 /* Handler */ = {
			isa = PBXGroup;
			children = (
				413DE4B5286A55E200CCF8E1 /* AuthenticationHandler.h */,
				413DE4B6286A55E200CCF8E1 /* AuthenticationHandler.m */,
				413DE4BA286A6CF700CCF8E1 /* LogoutHandler.h */,
				413DE4BB286A6CF700CCF8E1 /* LogoutHandler.m */,
			);
			path = Handler;
			sourceTree = "<group>";
		};
		413DE4C6286A97DF00CCF8E1 /* Model */ = {
			isa = PBXGroup;
			children = (
				413DE4C7286A982F00CCF8E1 /* Post.h */,
				413DE4C8286A982F00CCF8E1 /* Post.m */,
			);
			path = Model;
			sourceTree = "<group>";
		};
		413DE4D7286C90CF00CCF8E1 /* Decorators */ = {
			isa = PBXGroup;
			children = (
				413DE4D8286C90E000CCF8E1 /* PostCellDecorator.h */,
				413DE4D9286C90E000CCF8E1 /* PostCellDecorator.m */,
			);
			path = Decorators;
			sourceTree = "<group>";
		};
		535F1CFD78F47A34E3E43861 /* Frameworks */ = {
			isa = PBXGroup;
			children = (
				5A9E1F467D50BE9017540C8F /* libPods-InstagramClone.a */,
				1EE90C1AC95AE43B6E0DD28E /* libPods-InstagramClone-InstagramCloneUITests.a */,
				B3219C15214247C969E7551B /* libPods-InstagramCloneTests.a */,
			);
			name = Frameworks;
			sourceTree = "<group>";
		};
		C860ED909F6504168899208C /* Pods */ = {
			isa = PBXGroup;
			children = (
				7BAF0152BC7CACBDF3C0D18A /* Pods-InstagramClone.debug.xcconfig */,
				5615EC1A17DD6856BDD632B1 /* Pods-InstagramClone.release.xcconfig */,
				DA0512C1F6AD80C957F1C368 /* Pods-InstagramClone-InstagramCloneUITests.debug.xcconfig */,
				F92EDD1BEA10B4B2850C72E8 /* Pods-InstagramClone-InstagramCloneUITests.release.xcconfig */,
				7D5EDA722D3A95C54775D2B2 /* Pods-InstagramCloneTests.debug.xcconfig */,
				932592FDF8C63F55A876DA08 /* Pods-InstagramCloneTests.release.xcconfig */,
			);
			path = Pods;
			sourceTree = "<group>";
		};
/* End PBXGroup section */

/* Begin PBXNativeTarget section */
		413DE46F286A204900CCF8E1 /* InstagramClone */ = {
			isa = PBXNativeTarget;
			buildConfigurationList = 413DE49F286A204A00CCF8E1 /* Build configuration list for PBXNativeTarget "InstagramClone" */;
			buildPhases = (
				2025685A206640B07F9E1B9E /* [CP] Check Pods Manifest.lock */,
				413DE46C286A204900CCF8E1 /* Sources */,
				413DE46D286A204900CCF8E1 /* Frameworks */,
				413DE46E286A204900CCF8E1 /* Resources */,
				30CEE36F3519D904732AFCD9 /* [CP] Copy Pods Resources */,
			);
			buildRules = (
			);
			dependencies = (
			);
			name = InstagramClone;
			productName = InstagramClone;
			productReference = 413DE470286A204900CCF8E1 /* InstagramClone.app */;
			productType = "com.apple.product-type.application";
		};
		413DE48A286A204A00CCF8E1 /* InstagramCloneTests */ = {
			isa = PBXNativeTarget;
			buildConfigurationList = 413DE4A2286A204A00CCF8E1 /* Build configuration list for PBXNativeTarget "InstagramCloneTests" */;
			buildPhases = (
				064F6FA62DC93F205FEADB1F /* [CP] Check Pods Manifest.lock */,
				413DE487286A204A00CCF8E1 /* Sources */,
				413DE488286A204A00CCF8E1 /* Frameworks */,
				413DE489286A204A00CCF8E1 /* Resources */,
			);
			buildRules = (
			);
			dependencies = (
				413DE48D286A204A00CCF8E1 /* PBXTargetDependency */,
			);
			name = InstagramCloneTests;
			productName = InstagramCloneTests;
			productReference = 413DE48B286A204A00CCF8E1 /* InstagramCloneTests.xctest */;
			productType = "com.apple.product-type.bundle.unit-test";
		};
		413DE494286A204A00CCF8E1 /* InstagramCloneUITests */ = {
			isa = PBXNativeTarget;
			buildConfigurationList = 413DE4A5286A204A00CCF8E1 /* Build configuration list for PBXNativeTarget "InstagramCloneUITests" */;
			buildPhases = (
				5B91DB347E4BA0B551149193 /* [CP] Check Pods Manifest.lock */,
				413DE491286A204A00CCF8E1 /* Sources */,
				413DE492286A204A00CCF8E1 /* Frameworks */,
				413DE493286A204A00CCF8E1 /* Resources */,
				A6481720698814B281453D8A /* [CP] Copy Pods Resources */,
			);
			buildRules = (
			);
			dependencies = (
				413DE497286A204A00CCF8E1 /* PBXTargetDependency */,
			);
			name = InstagramCloneUITests;
			productName = InstagramCloneUITests;
			productReference = 413DE495286A204A00CCF8E1 /* InstagramCloneUITests.xctest */;
			productType = "com.apple.product-type.bundle.ui-testing";
		};
/* End PBXNativeTarget section */

/* Begin PBXProject section */
		413DE468286A204900CCF8E1 /* Project object */ = {
			isa = PBXProject;
			attributes = {
				BuildIndependentTargetsInParallel = 1;
				LastUpgradeCheck = 1340;
				TargetAttributes = {
					413DE46F286A204900CCF8E1 = {
						CreatedOnToolsVersion = 13.4.1;
					};
					413DE48A286A204A00CCF8E1 = {
						CreatedOnToolsVersion = 13.4.1;
						TestTargetID = 413DE46F286A204900CCF8E1;
					};
					413DE494286A204A00CCF8E1 = {
						CreatedOnToolsVersion = 13.4.1;
						TestTargetID = 413DE46F286A204900CCF8E1;
					};
				};
			};
			buildConfigurationList = 413DE46B286A204900CCF8E1 /* Build configuration list for PBXProject "InstagramClone" */;
			compatibilityVersion = "Xcode 13.0";
			developmentRegion = en;
			hasScannedForEncodings = 0;
			knownRegions = (
				en,
				Base,
			);
			mainGroup = 413DE467286A204900CCF8E1;
			productRefGroup = 413DE471286A204900CCF8E1 /* Products */;
			projectDirPath = "";
			projectRoot = "";
			targets = (
				413DE46F286A204900CCF8E1 /* InstagramClone */,
				413DE48A286A204A00CCF8E1 /* InstagramCloneTests */,
				413DE494286A204A00CCF8E1 /* InstagramCloneUITests */,
			);
		};
/* End PBXProject section */

/* Begin PBXResourcesBuildPhase section */
		413DE46E286A204900CCF8E1 /* Resources */ = {
			isa = PBXResourcesBuildPhase;
			buildActionMask = 2147483647;
			files = (
				413DE4B9286A658700CCF8E1 /* Keys.plist in Resources */,
				413DE483286A204900CCF8E1 /* LaunchScreen.storyboard in Resources */,
				413DE4D6286BA9EF00CCF8E1 /* PostCell.xib in Resources */,
				413DE480286A204900CCF8E1 /* Assets.xcassets in Resources */,
				413DE47E286A204900CCF8E1 /* Main.storyboard in Resources */,
			);
			runOnlyForDeploymentPostprocessing = 0;
		};
		413DE489286A204A00CCF8E1 /* Resources */ = {
			isa = PBXResourcesBuildPhase;
			buildActionMask = 2147483647;
			files = (
			);
			runOnlyForDeploymentPostprocessing = 0;
		};
		413DE493286A204A00CCF8E1 /* Resources */ = {
			isa = PBXResourcesBuildPhase;
			buildActionMask = 2147483647;
			files = (
			);
			runOnlyForDeploymentPostprocessing = 0;
		};
/* End PBXResourcesBuildPhase section */

/* Begin PBXShellScriptBuildPhase section */
		064F6FA62DC93F205FEADB1F /* [CP] Check Pods Manifest.lock */ = {
			isa = PBXShellScriptBuildPhase;
			buildActionMask = 2147483647;
			files = (
			);
			inputFileListPaths = (
			);
			inputPaths = (
				"${PODS_PODFILE_DIR_PATH}/Podfile.lock",
				"${PODS_ROOT}/Manifest.lock",
			);
			name = "[CP] Check Pods Manifest.lock";
			outputFileListPaths = (
			);
			outputPaths = (
				"$(DERIVED_FILE_DIR)/Pods-InstagramCloneTests-checkManifestLockResult.txt",
			);
			runOnlyForDeploymentPostprocessing = 0;
			shellPath = /bin/sh;
			shellScript = "diff \"${PODS_PODFILE_DIR_PATH}/Podfile.lock\" \"${PODS_ROOT}/Manifest.lock\" > /dev/null\nif [ $? != 0 ] ; then\n    # print error to STDERR\n    echo \"error: The sandbox is not in sync with the Podfile.lock. Run 'pod install' or update your CocoaPods installation.\" >&2\n    exit 1\nfi\n# This output is used by Xcode 'outputs' to avoid re-running this script phase.\necho \"SUCCESS\" > \"${SCRIPT_OUTPUT_FILE_0}\"\n";
			showEnvVarsInLog = 0;
		};
		2025685A206640B07F9E1B9E /* [CP] Check Pods Manifest.lock */ = {
			isa = PBXShellScriptBuildPhase;
			buildActionMask = 2147483647;
			files = (
			);
			inputFileListPaths = (
			);
			inputPaths = (
				"${PODS_PODFILE_DIR_PATH}/Podfile.lock",
				"${PODS_ROOT}/Manifest.lock",
			);
			name = "[CP] Check Pods Manifest.lock";
			outputFileListPaths = (
			);
			outputPaths = (
				"$(DERIVED_FILE_DIR)/Pods-InstagramClone-checkManifestLockResult.txt",
			);
			runOnlyForDeploymentPostprocessing = 0;
			shellPath = /bin/sh;
			shellScript = "diff \"${PODS_PODFILE_DIR_PATH}/Podfile.lock\" \"${PODS_ROOT}/Manifest.lock\" > /dev/null\nif [ $? != 0 ] ; then\n    # print error to STDERR\n    echo \"error: The sandbox is not in sync with the Podfile.lock. Run 'pod install' or update your CocoaPods installation.\" >&2\n    exit 1\nfi\n# This output is used by Xcode 'outputs' to avoid re-running this script phase.\necho \"SUCCESS\" > \"${SCRIPT_OUTPUT_FILE_0}\"\n";
			showEnvVarsInLog = 0;
		};
		30CEE36F3519D904732AFCD9 /* [CP] Copy Pods Resources */ = {
			isa = PBXShellScriptBuildPhase;
			buildActionMask = 2147483647;
			files = (
			);
			inputFileListPaths = (
				"${PODS_ROOT}/Target Support Files/Pods-InstagramClone/Pods-InstagramClone-resources-${CONFIGURATION}-input-files.xcfilelist",
			);
			name = "[CP] Copy Pods Resources";
			outputFileListPaths = (
				"${PODS_ROOT}/Target Support Files/Pods-InstagramClone/Pods-InstagramClone-resources-${CONFIGURATION}-output-files.xcfilelist",
			);
			runOnlyForDeploymentPostprocessing = 0;
			shellPath = /bin/sh;
			shellScript = "\"${PODS_ROOT}/Target Support Files/Pods-InstagramClone/Pods-InstagramClone-resources.sh\"\n";
			showEnvVarsInLog = 0;
		};
		5B91DB347E4BA0B551149193 /* [CP] Check Pods Manifest.lock */ = {
			isa = PBXShellScriptBuildPhase;
			buildActionMask = 2147483647;
			files = (
			);
			inputFileListPaths = (
			);
			inputPaths = (
				"${PODS_PODFILE_DIR_PATH}/Podfile.lock",
				"${PODS_ROOT}/Manifest.lock",
			);
			name = "[CP] Check Pods Manifest.lock";
			outputFileListPaths = (
			);
			outputPaths = (
				"$(DERIVED_FILE_DIR)/Pods-InstagramClone-InstagramCloneUITests-checkManifestLockResult.txt",
			);
			runOnlyForDeploymentPostprocessing = 0;
			shellPath = /bin/sh;
			shellScript = "diff \"${PODS_PODFILE_DIR_PATH}/Podfile.lock\" \"${PODS_ROOT}/Manifest.lock\" > /dev/null\nif [ $? != 0 ] ; then\n    # print error to STDERR\n    echo \"error: The sandbox is not in sync with the Podfile.lock. Run 'pod install' or update your CocoaPods installation.\" >&2\n    exit 1\nfi\n# This output is used by Xcode 'outputs' to avoid re-running this script phase.\necho \"SUCCESS\" > \"${SCRIPT_OUTPUT_FILE_0}\"\n";
			showEnvVarsInLog = 0;
		};
		A6481720698814B281453D8A /* [CP] Copy Pods Resources */ = {
			isa = PBXShellScriptBuildPhase;
			buildActionMask = 2147483647;
			files = (
			);
			inputFileListPaths = (
				"${PODS_ROOT}/Target Support Files/Pods-InstagramClone-InstagramCloneUITests/Pods-InstagramClone-InstagramCloneUITests-resources-${CONFIGURATION}-input-files.xcfilelist",
			);
			name = "[CP] Copy Pods Resources";
			outputFileListPaths = (
				"${PODS_ROOT}/Target Support Files/Pods-InstagramClone-InstagramCloneUITests/Pods-InstagramClone-InstagramCloneUITests-resources-${CONFIGURATION}-output-files.xcfilelist",
			);
			runOnlyForDeploymentPostprocessing = 0;
			shellPath = /bin/sh;
			shellScript = "\"${PODS_ROOT}/Target Support Files/Pods-InstagramClone-InstagramCloneUITests/Pods-InstagramClone-InstagramCloneUITests-resources.sh\"\n";
			showEnvVarsInLog = 0;
		};
/* End PBXShellScriptBuildPhase section */

/* Begin PBXSourcesBuildPhase section */
		413DE46C286A204900CCF8E1 /* Sources */ = {
			isa = PBXSourcesBuildPhase;
			buildActionMask = 2147483647;
			files = (
				413DE4B7286A55E200CCF8E1 /* AuthenticationHandler.m in Sources */,
				413DE4B2286A26D000CCF8E1 /* LoginView.m in Sources */,
				413DE4BC286A6CF700CCF8E1 /* LogoutHandler.m in Sources */,
				413DE4DA286C90E000CCF8E1 /* PostCellDecorator.m in Sources */,
				413DE4C2286A77DC00CCF8E1 /* ComposeViewController.m in Sources */,
				413DE475286A204900CCF8E1 /* AppDelegate.m in Sources */,
				413DE486286A204900CCF8E1 /* main.m in Sources */,
				413DE4BF286A768000CCF8E1 /* PostCell.m in Sources */,
				413DE4C9286A982F00CCF8E1 /* Post.m in Sources */,
				413DE478286A204900CCF8E1 /* SceneDelegate.m in Sources */,
				413DE4AF286A269F00CCF8E1 /* HomeViewController.m in Sources */,
				413DE4D4286B9AEB00CCF8E1 /* DetailsViewController.m in Sources */,
				413DE4AC286A265800CCF8E1 /* LoginViewController.m in Sources */,
				413DE4C5286A7B3200CCF8E1 /* ComposeView.m in Sources */,
			);
			runOnlyForDeploymentPostprocessing = 0;
		};
		413DE487286A204A00CCF8E1 /* Sources */ = {
			isa = PBXSourcesBuildPhase;
			buildActionMask = 2147483647;
			files = (
				413DE490286A204A00CCF8E1 /* InstagramCloneTests.m in Sources */,
			);
			runOnlyForDeploymentPostprocessing = 0;
		};
		413DE491286A204A00CCF8E1 /* Sources */ = {
			isa = PBXSourcesBuildPhase;
			buildActionMask = 2147483647;
			files = (
				413DE49A286A204A00CCF8E1 /* InstagramCloneUITests.m in Sources */,
				413DE49C286A204A00CCF8E1 /* InstagramCloneUITestsLaunchTests.m in Sources */,
			);
			runOnlyForDeploymentPostprocessing = 0;
		};
/* End PBXSourcesBuildPhase section */

/* Begin PBXTargetDependency section */
		413DE48D286A204A00CCF8E1 /* PBXTargetDependency */ = {
			isa = PBXTargetDependency;
			target = 413DE46F286A204900CCF8E1 /* InstagramClone */;
			targetProxy = 413DE48C286A204A00CCF8E1 /* PBXContainerItemProxy */;
		};
		413DE497286A204A00CCF8E1 /* PBXTargetDependency */ = {
			isa = PBXTargetDependency;
			target = 413DE46F286A204900CCF8E1 /* InstagramClone */;
			targetProxy = 413DE496286A204A00CCF8E1 /* PBXContainerItemProxy */;
		};
/* End PBXTargetDependency section */

/* Begin PBXVariantGroup section */
		413DE47C286A204900CCF8E1 /* Main.storyboard */ = {
			isa = PBXVariantGroup;
			children = (
				413DE47D286A204900CCF8E1 /* Base */,
			);
			name = Main.storyboard;
			sourceTree = "<group>";
		};
		413DE481286A204900CCF8E1 /* LaunchScreen.storyboard */ = {
			isa = PBXVariantGroup;
			children = (
				413DE482286A204900CCF8E1 /* Base */,
			);
			name = LaunchScreen.storyboard;
			sourceTree = "<group>";
		};
/* End PBXVariantGroup section */

/* Begin XCBuildConfiguration section */
		413DE49D286A204A00CCF8E1 /* Debug */ = {
			isa = XCBuildConfiguration;
			buildSettings = {
				ALWAYS_SEARCH_USER_PATHS = NO;
				CLANG_ANALYZER_NONNULL = YES;
				CLANG_ANALYZER_NUMBER_OBJECT_CONVERSION = YES_AGGRESSIVE;
				CLANG_CXX_LANGUAGE_STANDARD = "gnu++17";
				CLANG_ENABLE_MODULES = YES;
				CLANG_ENABLE_OBJC_ARC = YES;
				CLANG_ENABLE_OBJC_WEAK = YES;
				CLANG_WARN_BLOCK_CAPTURE_AUTORELEASING = YES;
				CLANG_WARN_BOOL_CONVERSION = YES;
				CLANG_WARN_COMMA = YES;
				CLANG_WARN_CONSTANT_CONVERSION = YES;
				CLANG_WARN_DEPRECATED_OBJC_IMPLEMENTATIONS = YES;
				CLANG_WARN_DIRECT_OBJC_ISA_USAGE = YES_ERROR;
				CLANG_WARN_DOCUMENTATION_COMMENTS = YES;
				CLANG_WARN_EMPTY_BODY = YES;
				CLANG_WARN_ENUM_CONVERSION = YES;
				CLANG_WARN_INFINITE_RECURSION = YES;
				CLANG_WARN_INT_CONVERSION = YES;
				CLANG_WARN_NON_LITERAL_NULL_CONVERSION = YES;
				CLANG_WARN_OBJC_IMPLICIT_RETAIN_SELF = YES;
				CLANG_WARN_OBJC_LITERAL_CONVERSION = YES;
				CLANG_WARN_OBJC_ROOT_CLASS = YES_ERROR;
				CLANG_WARN_QUOTED_INCLUDE_IN_FRAMEWORK_HEADER = YES;
				CLANG_WARN_RANGE_LOOP_ANALYSIS = YES;
				CLANG_WARN_STRICT_PROTOTYPES = YES;
				CLANG_WARN_SUSPICIOUS_MOVE = YES;
				CLANG_WARN_UNGUARDED_AVAILABILITY = YES_AGGRESSIVE;
				CLANG_WARN_UNREACHABLE_CODE = YES;
				CLANG_WARN__DUPLICATE_METHOD_MATCH = YES;
				COPY_PHASE_STRIP = NO;
				DEBUG_INFORMATION_FORMAT = dwarf;
				ENABLE_STRICT_OBJC_MSGSEND = YES;
				ENABLE_TESTABILITY = YES;
				GCC_C_LANGUAGE_STANDARD = gnu11;
				GCC_DYNAMIC_NO_PIC = NO;
				GCC_NO_COMMON_BLOCKS = YES;
				GCC_OPTIMIZATION_LEVEL = 0;
				GCC_PREPROCESSOR_DEFINITIONS = (
					"DEBUG=1",
					"$(inherited)",
				);
				GCC_WARN_64_TO_32_BIT_CONVERSION = YES;
				GCC_WARN_ABOUT_RETURN_TYPE = YES_ERROR;
				GCC_WARN_UNDECLARED_SELECTOR = YES;
				GCC_WARN_UNINITIALIZED_AUTOS = YES_AGGRESSIVE;
				GCC_WARN_UNUSED_FUNCTION = YES;
				GCC_WARN_UNUSED_VARIABLE = YES;
				IPHONEOS_DEPLOYMENT_TARGET = 15.5;
				MTL_ENABLE_DEBUG_INFO = INCLUDE_SOURCE;
				MTL_FAST_MATH = YES;
				ONLY_ACTIVE_ARCH = YES;
				SDKROOT = iphoneos;
			};
			name = Debug;
		};
		413DE49E286A204A00CCF8E1 /* Release */ = {
			isa = XCBuildConfiguration;
			buildSettings = {
				ALWAYS_SEARCH_USER_PATHS = NO;
				CLANG_ANALYZER_NONNULL = YES;
				CLANG_ANALYZER_NUMBER_OBJECT_CONVERSION = YES_AGGRESSIVE;
				CLANG_CXX_LANGUAGE_STANDARD = "gnu++17";
				CLANG_ENABLE_MODULES = YES;
				CLANG_ENABLE_OBJC_ARC = YES;
				CLANG_ENABLE_OBJC_WEAK = YES;
				CLANG_WARN_BLOCK_CAPTURE_AUTORELEASING = YES;
				CLANG_WARN_BOOL_CONVERSION = YES;
				CLANG_WARN_COMMA = YES;
				CLANG_WARN_CONSTANT_CONVERSION = YES;
				CLANG_WARN_DEPRECATED_OBJC_IMPLEMENTATIONS = YES;
				CLANG_WARN_DIRECT_OBJC_ISA_USAGE = YES_ERROR;
				CLANG_WARN_DOCUMENTATION_COMMENTS = YES;
				CLANG_WARN_EMPTY_BODY = YES;
				CLANG_WARN_ENUM_CONVERSION = YES;
				CLANG_WARN_INFINITE_RECURSION = YES;
				CLANG_WARN_INT_CONVERSION = YES;
				CLANG_WARN_NON_LITERAL_NULL_CONVERSION = YES;
				CLANG_WARN_OBJC_IMPLICIT_RETAIN_SELF = YES;
				CLANG_WARN_OBJC_LITERAL_CONVERSION = YES;
				CLANG_WARN_OBJC_ROOT_CLASS = YES_ERROR;
				CLANG_WARN_QUOTED_INCLUDE_IN_FRAMEWORK_HEADER = YES;
				CLANG_WARN_RANGE_LOOP_ANALYSIS = YES;
				CLANG_WARN_STRICT_PROTOTYPES = YES;
				CLANG_WARN_SUSPICIOUS_MOVE = YES;
				CLANG_WARN_UNGUARDED_AVAILABILITY = YES_AGGRESSIVE;
				CLANG_WARN_UNREACHABLE_CODE = YES;
				CLANG_WARN__DUPLICATE_METHOD_MATCH = YES;
				COPY_PHASE_STRIP = NO;
				DEBUG_INFORMATION_FORMAT = "dwarf-with-dsym";
				ENABLE_NS_ASSERTIONS = NO;
				ENABLE_STRICT_OBJC_MSGSEND = YES;
				GCC_C_LANGUAGE_STANDARD = gnu11;
				GCC_NO_COMMON_BLOCKS = YES;
				GCC_WARN_64_TO_32_BIT_CONVERSION = YES;
				GCC_WARN_ABOUT_RETURN_TYPE = YES_ERROR;
				GCC_WARN_UNDECLARED_SELECTOR = YES;
				GCC_WARN_UNINITIALIZED_AUTOS = YES_AGGRESSIVE;
				GCC_WARN_UNUSED_FUNCTION = YES;
				GCC_WARN_UNUSED_VARIABLE = YES;
				IPHONEOS_DEPLOYMENT_TARGET = 15.5;
				MTL_ENABLE_DEBUG_INFO = NO;
				MTL_FAST_MATH = YES;
				SDKROOT = iphoneos;
				VALIDATE_PRODUCT = YES;
			};
			name = Release;
		};
		413DE4A0286A204A00CCF8E1 /* Debug */ = {
			isa = XCBuildConfiguration;
			baseConfigurationReference = 7BAF0152BC7CACBDF3C0D18A /* Pods-InstagramClone.debug.xcconfig */;
			buildSettings = {
				ASSETCATALOG_COMPILER_APPICON_NAME = AppIcon;
				ASSETCATALOG_COMPILER_GLOBAL_ACCENT_COLOR_NAME = AccentColor;
				CODE_SIGN_STYLE = Automatic;
				CURRENT_PROJECT_VERSION = 1;
				DEVELOPMENT_TEAM = 3AU6YJ5LJW;
				GENERATE_INFOPLIST_FILE = YES;
				INFOPLIST_FILE = InstagramClone/Info.plist;
				INFOPLIST_KEY_NSCameraUsageDescription = "Need camera access to take pictures";
				INFOPLIST_KEY_NSPhotoLibraryUsageDescription = "Need library access to upload images";
				INFOPLIST_KEY_UIApplicationSupportsIndirectInputEvents = YES;
				INFOPLIST_KEY_UILaunchStoryboardName = LaunchScreen;
				INFOPLIST_KEY_UIMainStoryboardFile = Main;
				INFOPLIST_KEY_UISupportedInterfaceOrientations = UIInterfaceOrientationPortrait;
				INFOPLIST_KEY_UISupportedInterfaceOrientations_iPad = "UIInterfaceOrientationPortrait UIInterfaceOrientationPortraitUpsideDown UIInterfaceOrientationLandscapeLeft UIInterfaceOrientationLandscapeRight";
				INFOPLIST_KEY_UISupportedInterfaceOrientations_iPhone = "UIInterfaceOrientationPortrait UIInterfaceOrientationLandscapeLeft UIInterfaceOrientationLandscapeRight";
				LD_RUNPATH_SEARCH_PATHS = (
					"$(inherited)",
					"@executable_path/Frameworks",
				);
				MARKETING_VERSION = 1.0;
				PRODUCT_BUNDLE_IDENTIFIER = com.codepath.InstagramClone;
				PRODUCT_NAME = "$(TARGET_NAME)";
				SWIFT_EMIT_LOC_STRINGS = YES;
				TARGETED_DEVICE_FAMILY = 1;
			};
			name = Debug;
		};
		413DE4A1286A204A00CCF8E1 /* Release */ = {
			isa = XCBuildConfiguration;
			baseConfigurationReference = 5615EC1A17DD6856BDD632B1 /* Pods-InstagramClone.release.xcconfig */;
			buildSettings = {
				ASSETCATALOG_COMPILER_APPICON_NAME = AppIcon;
				ASSETCATALOG_COMPILER_GLOBAL_ACCENT_COLOR_NAME = AccentColor;
				CODE_SIGN_STYLE = Automatic;
				CURRENT_PROJECT_VERSION = 1;
				DEVELOPMENT_TEAM = 3AU6YJ5LJW;
				GENERATE_INFOPLIST_FILE = YES;
				INFOPLIST_FILE = InstagramClone/Info.plist;
				INFOPLIST_KEY_NSCameraUsageDescription = "Need camera access to take pictures";
				INFOPLIST_KEY_NSPhotoLibraryUsageDescription = "Need library access to upload images";
				INFOPLIST_KEY_UIApplicationSupportsIndirectInputEvents = YES;
				INFOPLIST_KEY_UILaunchStoryboardName = LaunchScreen;
				INFOPLIST_KEY_UIMainStoryboardFile = Main;
				INFOPLIST_KEY_UISupportedInterfaceOrientations = UIInterfaceOrientationPortrait;
				INFOPLIST_KEY_UISupportedInterfaceOrientations_iPad = "UIInterfaceOrientationPortrait UIInterfaceOrientationPortraitUpsideDown UIInterfaceOrientationLandscapeLeft UIInterfaceOrientationLandscapeRight";
				INFOPLIST_KEY_UISupportedInterfaceOrientations_iPhone = "UIInterfaceOrientationPortrait UIInterfaceOrientationLandscapeLeft UIInterfaceOrientationLandscapeRight";
				LD_RUNPATH_SEARCH_PATHS = (
					"$(inherited)",
					"@executable_path/Frameworks",
				);
				MARKETING_VERSION = 1.0;
				PRODUCT_BUNDLE_IDENTIFIER = com.codepath.InstagramClone;
				PRODUCT_NAME = "$(TARGET_NAME)";
				SWIFT_EMIT_LOC_STRINGS = YES;
				TARGETED_DEVICE_FAMILY = 1;
			};
			name = Release;
		};
		413DE4A3286A204A00CCF8E1 /* Debug */ = {
			isa = XCBuildConfiguration;
			baseConfigurationReference = 7D5EDA722D3A95C54775D2B2 /* Pods-InstagramCloneTests.debug.xcconfig */;
			buildSettings = {
				BUNDLE_LOADER = "$(TEST_HOST)";
				CODE_SIGN_STYLE = Automatic;
				CURRENT_PROJECT_VERSION = 1;
				DEVELOPMENT_TEAM = 3AU6YJ5LJW;
				GENERATE_INFOPLIST_FILE = YES;
				IPHONEOS_DEPLOYMENT_TARGET = 15.5;
				MARKETING_VERSION = 1.0;
				PRODUCT_BUNDLE_IDENTIFIER = com.codepath.InstagramCloneTests;
				PRODUCT_NAME = "$(TARGET_NAME)";
				SWIFT_EMIT_LOC_STRINGS = NO;
				TARGETED_DEVICE_FAMILY = "1,2";
				TEST_HOST = "$(BUILT_PRODUCTS_DIR)/InstagramClone.app/InstagramClone";
			};
			name = Debug;
		};
		413DE4A4286A204A00CCF8E1 /* Release */ = {
			isa = XCBuildConfiguration;
			baseConfigurationReference = 932592FDF8C63F55A876DA08 /* Pods-InstagramCloneTests.release.xcconfig */;
			buildSettings = {
				BUNDLE_LOADER = "$(TEST_HOST)";
				CODE_SIGN_STYLE = Automatic;
				CURRENT_PROJECT_VERSION = 1;
				DEVELOPMENT_TEAM = 3AU6YJ5LJW;
				GENERATE_INFOPLIST_FILE = YES;
				IPHONEOS_DEPLOYMENT_TARGET = 15.5;
				MARKETING_VERSION = 1.0;
				PRODUCT_BUNDLE_IDENTIFIER = com.codepath.InstagramCloneTests;
				PRODUCT_NAME = "$(TARGET_NAME)";
				SWIFT_EMIT_LOC_STRINGS = NO;
				TARGETED_DEVICE_FAMILY = "1,2";
				TEST_HOST = "$(BUILT_PRODUCTS_DIR)/InstagramClone.app/InstagramClone";
			};
			name = Release;
		};
		413DE4A6286A204A00CCF8E1 /* Debug */ = {
			isa = XCBuildConfiguration;
			baseConfigurationReference = DA0512C1F6AD80C957F1C368 /* Pods-InstagramClone-InstagramCloneUITests.debug.xcconfig */;
			buildSettings = {
				CODE_SIGN_STYLE = Automatic;
				CURRENT_PROJECT_VERSION = 1;
				DEVELOPMENT_TEAM = 3AU6YJ5LJW;
				GENERATE_INFOPLIST_FILE = YES;
				MARKETING_VERSION = 1.0;
				PRODUCT_BUNDLE_IDENTIFIER = com.codepath.InstagramCloneUITests;
				PRODUCT_NAME = "$(TARGET_NAME)";
				SWIFT_EMIT_LOC_STRINGS = NO;
				TARGETED_DEVICE_FAMILY = "1,2";
				TEST_TARGET_NAME = InstagramClone;
			};
			name = Debug;
		};
		413DE4A7286A204A00CCF8E1 /* Release */ = {
			isa = XCBuildConfiguration;
			baseConfigurationReference = F92EDD1BEA10B4B2850C72E8 /* Pods-InstagramClone-InstagramCloneUITests.release.xcconfig */;
			buildSettings = {
				CODE_SIGN_STYLE = Automatic;
				CURRENT_PROJECT_VERSION = 1;
				DEVELOPMENT_TEAM = 3AU6YJ5LJW;
				GENERATE_INFOPLIST_FILE = YES;
				MARKETING_VERSION = 1.0;
				PRODUCT_BUNDLE_IDENTIFIER = com.codepath.InstagramCloneUITests;
				PRODUCT_NAME = "$(TARGET_NAME)";
				SWIFT_EMIT_LOC_STRINGS = NO;
				TARGETED_DEVICE_FAMILY = "1,2";
				TEST_TARGET_NAME = InstagramClone;
			};
			name = Release;
		};
/* End XCBuildConfiguration section */

/* Begin XCConfigurationList section */
		413DE46B286A204900CCF8E1 /* Build configuration list for PBXProject "InstagramClone" */ = {
			isa = XCConfigurationList;
			buildConfigurations = (
				413DE49D286A204A00CCF8E1 /* Debug */,
				413DE49E286A204A00CCF8E1 /* Release */,
			);
			defaultConfigurationIsVisible = 0;
			defaultConfigurationName = Release;
		};
		413DE49F286A204A00CCF8E1 /* Build configuration list for PBXNativeTarget "InstagramClone" */ = {
			isa = XCConfigurationList;
			buildConfigurations = (
				413DE4A0286A204A00CCF8E1 /* Debug */,
				413DE4A1286A204A00CCF8E1 /* Release */,
			);
			defaultConfigurationIsVisible = 0;
			defaultConfigurationName = Release;
		};
		413DE4A2286A204A00CCF8E1 /* Build configuration list for PBXNativeTarget "InstagramCloneTests" */ = {
			isa = XCConfigurationList;
			buildConfigurations = (
				413DE4A3286A204A00CCF8E1 /* Debug */,
				413DE4A4286A204A00CCF8E1 /* Release */,
			);
			defaultConfigurationIsVisible = 0;
			defaultConfigurationName = Release;
		};
		413DE4A5286A204A00CCF8E1 /* Build configuration list for PBXNativeTarget "InstagramCloneUITests" */ = {
			isa = XCConfigurationList;
			buildConfigurations = (
				413DE4A6286A204A00CCF8E1 /* Debug */,
				413DE4A7286A204A00CCF8E1 /* Release */,
			);
			defaultConfigurationIsVisible = 0;
			defaultConfigurationName = Release;
		};
/* End XCConfigurationList section */
	};
	rootObject = 413DE468286A204900CCF8E1 /* Project object */;
}
